
Microsoft Visual Studio Solution File, Format Version 12.00
Project("{2150E333-8FDC-42A3-9474-1A3956D46DE8}") = "src", "src", "{827E0CD3-B72D-47B6-A68D-7590B98EB39B}"
EndProject
Project("{FAE04EC0-301F-11D3-BF4B-00C04F79EFBC}") = "NotifyGen.Attributes", "src\NotifyGen.Attributes\NotifyGen.Attributes.csproj", "{9E37A18C-6A58-464D-BFF5-23650FB796AB}"
EndProject
Project("{FAE04EC0-301F-11D3-BF4B-00C04F79EFBC}") = "NotifyGen.Generator", "src\NotifyGen.Generator\NotifyGen.Generator.csproj", "{6145A446-87D0-417D-B56F-CD57B1B64610}"
EndProject
Project("{2150E333-8FDC-42A3-9474-1A3956D46DE8}") = "tests", "tests", "{0AB3BF05-4346-4AA6-1389-037BE0695223}"
EndProject
Project("{FAE04EC0-301F-11D3-BF4B-00C04F79EFBC}") = "NotifyGen.Tests", "tests\NotifyGen.Tests\NotifyGen.Tests.csproj", "{C3DA4A28-BD60-4169-9CC7-942469DF079F}"
EndProject
Project("{2150E333-8FDC-42A3-9474-1A3956D46DE8}") = "samples", "samples", "{5D20AA90-6969-D8BD-9DCD-8634F4692FDA}"
EndProject
Project("{FAE04EC0-301F-11D3-BF4B-00C04F79EFBC}") = "NotifyGen.WpfSample", "samples\NotifyGen.WpfSample\NotifyGen.WpfSample.csproj", "{08A3A9F7-264D-4752-9CF9-A3BF232B619B}"
EndProject
Project("{FAE04EC0-301F-11D3-BF4B-00C04F79EFBC}") = "NotifyGen.ConsoleSample", "samples\NotifyGen.ConsoleSample\NotifyGen.ConsoleSample.csproj", "{A6C7CBB9-00C8-455A-9621-593FF97281B2}"
EndProject
Project("{2150E333-8FDC-42A3-9474-1A3956D46DE8}") = "benchmarks", "benchmarks", "{66320409-64EC-F7C5-3DEF-65E7510DAAD1}"
EndProject
Project("{FAE04EC0-301F-11D3-BF4B-00C04F79EFBC}") = "NotifyGen.Benchmarks", "benchmarks\NotifyGen.Benchmarks\NotifyGen.Benchmarks.csproj", "{06E967AC-E999-436D-9E73-54307FC211D0}"
EndProject
Global
	GlobalSection(SolutionConfigurationPlatforms) = preSolution
		Debug|Any CPU = Debug|Any CPU
		Debug|x64 = Debug|x64
		Debug|x86 = Debug|x86
		Release|Any CPU = Release|Any CPU
		Release|x64 = Release|x64
		Release|x86 = Release|x86
	EndGlobalSection
	GlobalSection(ProjectConfigurationPlatforms) = postSolution
		{9E37A18C-6A58-464D-BFF5-23650FB796AB}.Debug|Any CPU.ActiveCfg = Debug|Any CPU
		{9E37A18C-6A58-464D-BFF5-23650FB796AB}.Debug|Any CPU.Build.0 = Debug|Any CPU
		{9E37A18C-6A58-464D-BFF5-23650FB796AB}.Debug|x64.ActiveCfg = Debug|Any CPU
		{9E37A18C-6A58-464D-BFF5-23650FB796AB}.Debug|x64.Build.0 = Debug|Any CPU
		{9E37A18C-6A58-464D-BFF5-23650FB796AB}.Debug|x86.ActiveCfg = Debug|Any CPU
		{9E37A18C-6A58-464D-BFF5-23650FB796AB}.Debug|x86.Build.0 = Debug|Any CPU
		{9E37A18C-6A58-464D-BFF5-23650FB796AB}.Release|Any CPU.ActiveCfg = Release|Any CPU
		{9E37A18C-6A58-464D-BFF5-23650FB796AB}.Release|Any CPU.Build.0 = Release|Any CPU
		{9E37A18C-6A58-464D-BFF5-23650FB796AB}.Release|x64.ActiveCfg = Release|Any CPU
		{9E37A18C-6A58-464D-BFF5-23650FB796AB}.Release|x64.Build.0 = Release|Any CPU
		{9E37A18C-6A58-464D-BFF5-23650FB796AB}.Release|x86.ActiveCfg = Release|Any CPU
		{9E37A18C-6A58-464D-BFF5-23650FB796AB}.Release|x86.Build.0 = Release|Any CPU
		{6145A446-87D0-417D-B56F-CD57B1B64610}.Debug|Any CPU.ActiveCfg = Debug|Any CPU
		{6145A446-87D0-417D-B56F-CD57B1B64610}.Debug|Any CPU.Build.0 = Debug|Any CPU
		{6145A446-87D0-417D-B56F-CD57B1B64610}.Debug|x64.ActiveCfg = Debug|Any CPU
		{6145A446-87D0-417D-B56F-CD57B1B64610}.Debug|x64.Build.0 = Debug|Any CPU
		{6145A446-87D0-417D-B56F-CD57B1B64610}.Debug|x86.ActiveCfg = Debug|Any CPU
		{6145A446-87D0-417D-B56F-CD57B1B64610}.Debug|x86.Build.0 = Debug|Any CPU
		{6145A446-87D0-417D-B56F-CD57B1B64610}.Release|Any CPU.ActiveCfg = Release|Any CPU
		{6145A446-87D0-417D-B56F-CD57B1B64610}.Release|Any CPU.Build.0 = Release|Any CPU
		{6145A446-87D0-417D-B56F-CD57B1B64610}.Release|x64.ActiveCfg = Release|Any CPU
		{6145A446-87D0-417D-B56F-CD57B1B64610}.Release|x64.Build.0 = Release|Any CPU
		{6145A446-87D0-417D-B56F-CD57B1B64610}.Release|x86.ActiveCfg = Release|Any CPU
		{6145A446-87D0-417D-B56F-CD57B1B64610}.Release|x86.Build.0 = Release|Any CPU
		{C3DA4A28-BD60-4169-9CC7-942469DF079F}.Debug|Any CPU.ActiveCfg = Debug|Any CPU
		{C3DA4A28-BD60-4169-9CC7-942469DF079F}.Debug|Any CPU.Build.0 = Debug|Any CPU
		{C3DA4A28-BD60-4169-9CC7-942469DF079F}.Debug|x64.ActiveCfg = Debug|Any CPU
		{C3DA4A28-BD60-4169-9CC7-942469DF079F}.Debug|x64.Build.0 = Debug|Any CPU
		{C3DA4A28-BD60-4169-9CC7-942469DF079F}.Debug|x86.ActiveCfg = Debug|Any CPU
		{C3DA4A28-BD60-4169-9CC7-942469DF079F}.Debug|x86.Build.0 = Debug|Any CPU
		{C3DA4A28-BD60-4169-9CC7-942469DF079F}.Release|Any CPU.ActiveCfg = Release|Any CPU
		{C3DA4A28-BD60-4169-9CC7-942469DF079F}.Release|Any CPU.Build.0 = Release|Any CPU
		{C3DA4A28-BD60-4169-9CC7-942469DF079F}.Release|x64.ActiveCfg = Release|Any CPU
		{C3DA4A28-BD60-4169-9CC7-942469DF079F}.Release|x64.Build.0 = Release|Any CPU
		{C3DA4A28-BD60-4169-9CC7-942469DF079F}.Release|x86.ActiveCfg = Release|Any CPU
		{C3DA4A28-BD60-4169-9CC7-942469DF079F}.Release|x86.Build.0 = Release|Any CPU
		{08A3A9F7-264D-4752-9CF9-A3BF232B619B}.Debug|Any CPU.ActiveCfg = Debug|Any CPU
		{08A3A9F7-264D-4752-9CF9-A3BF232B619B}.Debug|Any CPU.Build.0 = Debug|Any CPU
		{08A3A9F7-264D-4752-9CF9-A3BF232B619B}.Debug|x64.ActiveCfg = Debug|Any CPU
		{08A3A9F7-264D-4752-9CF9-A3BF232B619B}.Debug|x64.Build.0 = Debug|Any CPU
		{08A3A9F7-264D-4752-9CF9-A3BF232B619B}.Debug|x86.ActiveCfg = Debug|Any CPU
		{08A3A9F7-264D-4752-9CF9-A3BF232B619B}.Debug|x86.Build.0 = Debug|Any CPU
		{08A3A9F7-264D-4752-9CF9-A3BF232B619B}.Release|Any CPU.ActiveCfg = Release|Any CPU
		{08A3A9F7-264D-4752-9CF9-A3BF232B619B}.Release|Any CPU.Build.0 = Release|Any CPU
		{08A3A9F7-264D-4752-9CF9-A3BF232B619B}.Release|x64.ActiveCfg = Release|Any CPU
		{08A3A9F7-264D-4752-9CF9-A3BF232B619B}.Release|x64.Build.0 = Release|Any CPU
		{08A3A9F7-264D-4752-9CF9-A3BF232B619B}.Release|x86.ActiveCfg = Release|Any CPU
		{08A3A9F7-264D-4752-9CF9-A3BF232B619B}.Release|x86.Build.0 = Release|Any CPU
		{A6C7CBB9-00C8-455A-9621-593FF97281B2}.Debug|Any CPU.ActiveCfg = Debug|Any CPU
		{A6C7CBB9-00C8-455A-9621-593FF97281B2}.Debug|Any CPU.Build.0 = Debug|Any CPU
		{A6C7CBB9-00C8-455A-9621-593FF97281B2}.Debug|x64.ActiveCfg = Debug|Any CPU
		{A6C7CBB9-00C8-455A-9621-593FF97281B2}.Debug|x64.Build.0 = Debug|Any CPU
		{A6C7CBB9-00C8-455A-9621-593FF97281B2}.Debug|x86.ActiveCfg = Debug|Any CPU
		{A6C7CBB9-00C8-455A-9621-593FF97281B2}.Debug|x86.Build.0 = Debug|Any CPU
		{A6C7CBB9-00C8-455A-9621-593FF97281B2}.Release|Any CPU.ActiveCfg = Release|Any CPU
		{A6C7CBB9-00C8-455A-9621-593FF97281B2}.Release|Any CPU.Build.0 = Release|Any CPU
		{A6C7CBB9-00C8-455A-9621-593FF97281B2}.Release|x64.ActiveCfg = Release|Any CPU
		{A6C7CBB9-00C8-455A-9621-593FF97281B2}.Release|x64.Build.0 = Release|Any CPU
		{A6C7CBB9-00C8-455A-9621-593FF97281B2}.Release|x86.ActiveCfg = Release|Any CPU
		{A6C7CBB9-00C8-455A-9621-593FF97281B2}.Release|x86.Build.0 = Release|Any CPU
		{06E967AC-E999-436D-9E73-54307FC211D0}.Debug|Any CPU.ActiveCfg = Debug|Any CPU
		{06E967AC-E999-436D-9E73-54307FC211D0}.Debug|Any CPU.Build.0 = Debug|Any CPU
		{06E967AC-E999-436D-9E73-54307FC211D0}.Debug|x64.ActiveCfg = Debug|Any CPU
		{06E967AC-E999-436D-9E73-54307FC211D0}.Debug|x64.Build.0 = Debug|Any CPU
		{06E967AC-E999-436D-9E73-54307FC211D0}.Debug|x86.ActiveCfg = Debug|Any CPU
		{06E967AC-E999-436D-9E73-54307FC211D0}.Debug|x86.Build.0 = Debug|Any CPU
		{06E967AC-E999-436D-9E73-54307FC211D0}.Release|Any CPU.ActiveCfg = Release|Any CPU
		{06E967AC-E999-436D-9E73-54307FC211D0}.Release|Any CPU.Build.0 = Release|Any CPU
		{06E967AC-E999-436D-9E73-54307FC211D0}.Release|x64.ActiveCfg = Release|Any CPU
		{06E967AC-E999-436D-9E73-54307FC211D0}.Release|x64.Build.0 = Release|Any CPU
		{06E967AC-E999-436D-9E73-54307FC211D0}.Release|x86.ActiveCfg = Release|Any CPU
		{06E967AC-E999-436D-9E73-54307FC211D0}.Release|x86.Build.0 = Release|Any CPU
	EndGlobalSection
	GlobalSection(SolutionProperties) = preSolution
		HideSolutionNode = FALSE
	EndGlobalSection
	GlobalSection(NestedProjects) = preSolution
		{9E37A18C-6A58-464D-BFF5-23650FB796AB} = {827E0CD3-B72D-47B6-A68D-7590B98EB39B}
		{6145A446-87D0-417D-B56F-CD57B1B64610} = {827E0CD3-B72D-47B6-A68D-7590B98EB39B}
		{C3DA4A28-BD60-4169-9CC7-942469DF079F} = {0AB3BF05-4346-4AA6-1389-037BE0695223}
		{08A3A9F7-264D-4752-9CF9-A3BF232B619B} = {5D20AA90-6969-D8BD-9DCD-8634F4692FDA}
		{A6C7CBB9-00C8-455A-9621-593FF97281B2} = {5D20AA90-6969-D8BD-9DCD-8634F4692FDA}
		{06E967AC-E999-436D-9E73-54307FC211D0} = {66320409-64EC-F7C5-3DEF-65E7510DAAD1}
	EndGlobalSection
EndGlobal
